// !$*UTF8*$!
{
	archiveVersion = 1;
	classes = {
	};
	objectVersion = 46;
	objects = {

/* Begin PBXAggregateTarget section */
		"Automerge::AutomergePackageTests::ProductTarget" /* AutomergePackageTests */ = {
			isa = PBXAggregateTarget;
			buildConfigurationList = OBJ_71 /* Build configuration list for PBXAggregateTarget "AutomergePackageTests" */;
			buildPhases = (
			);
			dependencies = (
				OBJ_74 /* PBXTargetDependency */,
			);
			name = AutomergePackageTests;
			productName = AutomergePackageTests;
		};
/* End PBXAggregateTarget section */

/* Begin PBXBuildFile section */
		94339B50247BA70A00A461F1 /* AutomergeTest.swift in Sources */ = {isa = PBXBuildFile; fileRef = 94339B4E247BA65800A461F1 /* AutomergeTest.swift */; };
		944DCC712498D3D3007706B7 /* Proxy+Conflicts.swift in Sources */ = {isa = PBXBuildFile; fileRef = 944DCC702498D3D3007706B7 /* Proxy+Conflicts.swift */; };
		9455D9E12487A8B40046A867 /* Proxy+Root.swift in Sources */ = {isa = PBXBuildFile; fileRef = 9455D9E02487A8B40046A867 /* Proxy+Root.swift */; };
		9477033E246E73C4000E952C /* Actor.swift in Sources */ = {isa = PBXBuildFile; fileRef = 9477033D246E73C4000E952C /* Actor.swift */; };
		9486913A248E625A008D75A2 /* Proxy+UnsafeAccess.swift in Sources */ = {isa = PBXBuildFile; fileRef = 94869139248E625A008D75A2 /* Proxy+UnsafeAccess.swift */; };
		9486913D248E8B60008D75A2 /* History.swift in Sources */ = {isa = PBXBuildFile; fileRef = 9486913C248E8B60008D75A2 /* History.swift */; };
		94874A3C2486317000ECC4E7 /* XCTAssertEqualOneOf.swift in Sources */ = {isa = PBXBuildFile; fileRef = 94874A3B2486317000ECC4E7 /* XCTAssertEqualOneOf.swift */; };
		94879A6D2470017300F0189E /* DocumentTest.swift in Sources */ = {isa = PBXBuildFile; fileRef = 94879A6B246FFFCA00F0189E /* DocumentTest.swift */; };
		948BCB662487CA34004A72B6 /* TextTest.swift in Sources */ = {isa = PBXBuildFile; fileRef = 948BCB642487C7E4004A72B6 /* TextTest.swift */; };
		948BCB702488D0EE004A72B6 /* Proxy+Text.swift in Sources */ = {isa = PBXBuildFile; fileRef = 948BCB6F2488D0EE004A72B6 /* Proxy+Text.swift */; };
		94AC589D247D3368006701E7 /* Proxy+Counter.swift in Sources */ = {isa = PBXBuildFile; fileRef = 94AC589C247D3368006701E7 /* Proxy+Counter.swift */; };
		94B256912482B0E9008FC23D /* KeyPathIntrospection.swift in Sources */ = {isa = PBXBuildFile; fileRef = 94B256902482B0E9008FC23D /* KeyPathIntrospection.swift */; };
		94D9C1162493A7A300DE389F /* TableTests.swift in Sources */ = {isa = PBXBuildFile; fileRef = 94D9C1142493A79D00DE389F /* TableTests.swift */; };
		94D9C118249524B200DE389F /* Proxy+Table.swift in Sources */ = {isa = PBXBuildFile; fileRef = 94D9C117249524B200DE389F /* Proxy+Table.swift */; };
		94E26780246805BD00C54C0E /* libautomerge.a in Frameworks */ = {isa = PBXBuildFile; fileRef = 94E2677F246805BD00C54C0E /* libautomerge.a */; };
		94E26786246809CC00C54C0E /* RSBackendTest.swift in Sources */ = {isa = PBXBuildFile; fileRef = 94E267842468099800C54C0E /* RSBackendTest.swift */; };
		94F6D876248ABFC300FEAA43 /* Commit.swift in Sources */ = {isa = PBXBuildFile; fileRef = 94F6D875248ABFC300FEAA43 /* Commit.swift */; };
		94F6D878248ABFE900FEAA43 /* Change.swift in Sources */ = {isa = PBXBuildFile; fileRef = 94F6D877248ABFE900FEAA43 /* Change.swift */; };
		94F6D87A248AC0D100FEAA43 /* Primitive.swift in Sources */ = {isa = PBXBuildFile; fileRef = 94F6D879248AC0D100FEAA43 /* Primitive.swift */; };
		OBJ_44 /* RSBackend.swift in Sources */ = {isa = PBXBuildFile; fileRef = OBJ_8 /* RSBackend.swift */; };
		OBJ_45 /* Constants.swift in Sources */ = {isa = PBXBuildFile; fileRef = OBJ_9 /* Constants.swift */; };
		OBJ_46 /* Context.swift in Sources */ = {isa = PBXBuildFile; fileRef = OBJ_10 /* Context.swift */; };
		OBJ_47 /* Clock.swift in Sources */ = {isa = PBXBuildFile; fileRef = OBJ_12 /* Clock.swift */; };
		OBJ_48 /* Counter.swift in Sources */ = {isa = PBXBuildFile; fileRef = OBJ_13 /* Counter.swift */; };
		OBJ_49 /* Table.swift in Sources */ = {isa = PBXBuildFile; fileRef = OBJ_14 /* Table.swift */; };
		OBJ_50 /* Text.swift in Sources */ = {isa = PBXBuildFile; fileRef = OBJ_15 /* Text.swift */; };
		OBJ_51 /* Diff.swift in Sources */ = {isa = PBXBuildFile; fileRef = OBJ_16 /* Diff.swift */; };
		OBJ_52 /* Document.swift in Sources */ = {isa = PBXBuildFile; fileRef = OBJ_17 /* Document.swift */; };
		OBJ_53 /* Edit.swift in Sources */ = {isa = PBXBuildFile; fileRef = OBJ_18 /* Edit.swift */; };
		OBJ_54 /* ConflictsConverter.swift in Sources */ = {isa = PBXBuildFile; fileRef = OBJ_20 /* ConflictsConverter.swift */; };
		OBJ_55 /* EncoderDecoder.swift in Sources */ = {isa = PBXBuildFile; fileRef = OBJ_21 /* EncoderDecoder.swift */; };
		OBJ_56 /* Key.swift in Sources */ = {isa = PBXBuildFile; fileRef = OBJ_22 /* Key.swift */; };
		OBJ_57 /* Op.swift in Sources */ = {isa = PBXBuildFile; fileRef = OBJ_23 /* Op.swift */; };
		OBJ_58 /* Patch.swift in Sources */ = {isa = PBXBuildFile; fileRef = OBJ_24 /* Patch.swift */; };
		OBJ_59 /* Proxy+Collection.swift in Sources */ = {isa = PBXBuildFile; fileRef = OBJ_26 /* Proxy+Collection.swift */; };
		OBJ_60 /* Proxy.swift in Sources */ = {isa = PBXBuildFile; fileRef = OBJ_27 /* Proxy.swift */; };
		OBJ_61 /* Request.swift in Sources */ = {isa = PBXBuildFile; fileRef = OBJ_28 /* Request.swift */; };
		OBJ_62 /* applyPatch.swift in Sources */ = {isa = PBXBuildFile; fileRef = OBJ_29 /* applyPatch.swift */; };
		OBJ_69 /* Package.swift in Sources */ = {isa = PBXBuildFile; fileRef = OBJ_6 /* Package.swift */; };
		OBJ_81 /* ContextTest.swift in Sources */ = {isa = PBXBuildFile; fileRef = OBJ_32 /* ContextTest.swift */; };
		OBJ_82 /* Proxy+CollectionTest.swift in Sources */ = {isa = PBXBuildFile; fileRef = OBJ_33 /* Proxy+CollectionTest.swift */; };
		OBJ_83 /* ProxyTest.swift in Sources */ = {isa = PBXBuildFile; fileRef = OBJ_34 /* ProxyTest.swift */; };
		OBJ_85 /* Automerge.framework in Frameworks */ = {isa = PBXBuildFile; fileRef = "Automerge::Automerge::Product" /* Automerge.framework */; };
/* End PBXBuildFile section */

/* Begin PBXContainerItemProxy section */
		94E2677B2467559C00C54C0E /* PBXContainerItemProxy */ = {
			isa = PBXContainerItemProxy;
			containerPortal = OBJ_1 /* Project object */;
			proxyType = 1;
			remoteGlobalIDString = "Automerge::Automerge";
			remoteInfo = Automerge;
		};
		94E2677C2467559E00C54C0E /* PBXContainerItemProxy */ = {
			isa = PBXContainerItemProxy;
			containerPortal = OBJ_1 /* Project object */;
			proxyType = 1;
			remoteGlobalIDString = "Automerge::AutomergeTests";
			remoteInfo = AutomergeTests;
		};
/* End PBXContainerItemProxy section */

/* Begin PBXFileReference section */
		94339B4E247BA65800A461F1 /* AutomergeTest.swift */ = {isa = PBXFileReference; lastKnownFileType = sourcecode.swift; path = AutomergeTest.swift; sourceTree = "<group>"; };
		944DCC702498D3D3007706B7 /* Proxy+Conflicts.swift */ = {isa = PBXFileReference; lastKnownFileType = sourcecode.swift; path = "Proxy+Conflicts.swift"; sourceTree = "<group>"; };
		9455D9E02487A8B40046A867 /* Proxy+Root.swift */ = {isa = PBXFileReference; lastKnownFileType = sourcecode.swift; path = "Proxy+Root.swift"; sourceTree = "<group>"; };
		9477033D246E73C4000E952C /* Actor.swift */ = {isa = PBXFileReference; lastKnownFileType = sourcecode.swift; path = Actor.swift; sourceTree = "<group>"; };
		94869139248E625A008D75A2 /* Proxy+UnsafeAccess.swift */ = {isa = PBXFileReference; lastKnownFileType = sourcecode.swift; path = "Proxy+UnsafeAccess.swift"; sourceTree = "<group>"; };
		9486913C248E8B60008D75A2 /* History.swift */ = {isa = PBXFileReference; lastKnownFileType = sourcecode.swift; path = History.swift; sourceTree = "<group>"; };
		94874A3B2486317000ECC4E7 /* XCTAssertEqualOneOf.swift */ = {isa = PBXFileReference; lastKnownFileType = sourcecode.swift; path = XCTAssertEqualOneOf.swift; sourceTree = "<group>"; };
		94879A6B246FFFCA00F0189E /* DocumentTest.swift */ = {isa = PBXFileReference; lastKnownFileType = sourcecode.swift; path = DocumentTest.swift; sourceTree = "<group>"; };
		948BCB642487C7E4004A72B6 /* TextTest.swift */ = {isa = PBXFileReference; lastKnownFileType = sourcecode.swift; path = TextTest.swift; sourceTree = "<group>"; };
		948BCB6F2488D0EE004A72B6 /* Proxy+Text.swift */ = {isa = PBXFileReference; lastKnownFileType = sourcecode.swift; path = "Proxy+Text.swift"; sourceTree = "<group>"; };
		94AC589C247D3368006701E7 /* Proxy+Counter.swift */ = {isa = PBXFileReference; lastKnownFileType = sourcecode.swift; path = "Proxy+Counter.swift"; sourceTree = "<group>"; };
		94B256902482B0E9008FC23D /* KeyPathIntrospection.swift */ = {isa = PBXFileReference; lastKnownFileType = sourcecode.swift; path = KeyPathIntrospection.swift; sourceTree = "<group>"; };
		94D9C1142493A79D00DE389F /* TableTests.swift */ = {isa = PBXFileReference; lastKnownFileType = sourcecode.swift; path = TableTests.swift; sourceTree = "<group>"; };
		94D9C117249524B200DE389F /* Proxy+Table.swift */ = {isa = PBXFileReference; lastKnownFileType = sourcecode.swift; path = "Proxy+Table.swift"; sourceTree = "<group>"; };
		94E2677F246805BD00C54C0E /* libautomerge.a */ = {isa = PBXFileReference; lastKnownFileType = archive.ar; path = libautomerge.a; sourceTree = "<group>"; };
		94E26781246805ED00C54C0E /* automerge.h */ = {isa = PBXFileReference; lastKnownFileType = sourcecode.c.h; path = automerge.h; sourceTree = "<group>"; };
		94E267842468099800C54C0E /* RSBackendTest.swift */ = {isa = PBXFileReference; lastKnownFileType = sourcecode.swift; path = RSBackendTest.swift; sourceTree = "<group>"; };
		94F6D875248ABFC300FEAA43 /* Commit.swift */ = {isa = PBXFileReference; lastKnownFileType = sourcecode.swift; path = Commit.swift; sourceTree = "<group>"; };
		94F6D877248ABFE900FEAA43 /* Change.swift */ = {isa = PBXFileReference; lastKnownFileType = sourcecode.swift; path = Change.swift; sourceTree = "<group>"; };
		94F6D879248AC0D100FEAA43 /* Primitive.swift */ = {isa = PBXFileReference; lastKnownFileType = sourcecode.swift; path = Primitive.swift; sourceTree = "<group>"; };
		"Automerge::Automerge::Product" /* Automerge.framework */ = {isa = PBXFileReference; explicitFileType = wrapper.framework; path = Automerge.framework; sourceTree = BUILT_PRODUCTS_DIR; };
		"Automerge::AutomergeTests::Product" /* AutomergeTests.xctest */ = {isa = PBXFileReference; lastKnownFileType = file; path = AutomergeTests.xctest; sourceTree = BUILT_PRODUCTS_DIR; };
		OBJ_10 /* Context.swift */ = {isa = PBXFileReference; lastKnownFileType = sourcecode.swift; path = Context.swift; sourceTree = "<group>"; };
		OBJ_12 /* Clock.swift */ = {isa = PBXFileReference; lastKnownFileType = sourcecode.swift; path = Clock.swift; sourceTree = "<group>"; };
		OBJ_13 /* Counter.swift */ = {isa = PBXFileReference; lastKnownFileType = sourcecode.swift; path = Counter.swift; sourceTree = "<group>"; };
		OBJ_14 /* Table.swift */ = {isa = PBXFileReference; lastKnownFileType = sourcecode.swift; path = Table.swift; sourceTree = "<group>"; };
		OBJ_15 /* Text.swift */ = {isa = PBXFileReference; lastKnownFileType = sourcecode.swift; path = Text.swift; sourceTree = "<group>"; };
		OBJ_16 /* Diff.swift */ = {isa = PBXFileReference; lastKnownFileType = sourcecode.swift; path = Diff.swift; sourceTree = "<group>"; };
		OBJ_17 /* Document.swift */ = {isa = PBXFileReference; lastKnownFileType = sourcecode.swift; path = Document.swift; sourceTree = "<group>"; };
		OBJ_18 /* Edit.swift */ = {isa = PBXFileReference; lastKnownFileType = sourcecode.swift; path = Edit.swift; sourceTree = "<group>"; };
		OBJ_20 /* ConflictsConverter.swift */ = {isa = PBXFileReference; lastKnownFileType = sourcecode.swift; path = ConflictsConverter.swift; sourceTree = "<group>"; };
		OBJ_21 /* EncoderDecoder.swift */ = {isa = PBXFileReference; lastKnownFileType = sourcecode.swift; path = EncoderDecoder.swift; sourceTree = "<group>"; };
		OBJ_22 /* Key.swift */ = {isa = PBXFileReference; lastKnownFileType = sourcecode.swift; path = Key.swift; sourceTree = "<group>"; };
		OBJ_23 /* Op.swift */ = {isa = PBXFileReference; lastKnownFileType = sourcecode.swift; path = Op.swift; sourceTree = "<group>"; };
		OBJ_24 /* Patch.swift */ = {isa = PBXFileReference; lastKnownFileType = sourcecode.swift; path = Patch.swift; sourceTree = "<group>"; };
		OBJ_26 /* Proxy+Collection.swift */ = {isa = PBXFileReference; lastKnownFileType = sourcecode.swift; path = "Proxy+Collection.swift"; sourceTree = "<group>"; };
		OBJ_27 /* Proxy.swift */ = {isa = PBXFileReference; lastKnownFileType = sourcecode.swift; path = Proxy.swift; sourceTree = "<group>"; };
		OBJ_28 /* Request.swift */ = {isa = PBXFileReference; lastKnownFileType = sourcecode.swift; path = Request.swift; sourceTree = "<group>"; };
		OBJ_29 /* applyPatch.swift */ = {isa = PBXFileReference; lastKnownFileType = sourcecode.swift; path = applyPatch.swift; sourceTree = "<group>"; };
		OBJ_32 /* ContextTest.swift */ = {isa = PBXFileReference; lastKnownFileType = sourcecode.swift; path = ContextTest.swift; sourceTree = "<group>"; };
		OBJ_33 /* Proxy+CollectionTest.swift */ = {isa = PBXFileReference; lastKnownFileType = sourcecode.swift; path = "Proxy+CollectionTest.swift"; sourceTree = "<group>"; };
		OBJ_34 /* ProxyTest.swift */ = {isa = PBXFileReference; lastKnownFileType = sourcecode.swift; path = ProxyTest.swift; sourceTree = "<group>"; };
		OBJ_38 /* README.md */ = {isa = PBXFileReference; lastKnownFileType = net.daringfireball.markdown; path = README.md; sourceTree = "<group>"; };
		OBJ_6 /* Package.swift */ = {isa = PBXFileReference; explicitFileType = sourcecode.swift; path = Package.swift; sourceTree = "<group>"; };
		OBJ_8 /* RSBackend.swift */ = {isa = PBXFileReference; lastKnownFileType = sourcecode.swift; path = RSBackend.swift; sourceTree = "<group>"; };
		OBJ_9 /* Constants.swift */ = {isa = PBXFileReference; lastKnownFileType = sourcecode.swift; path = Constants.swift; sourceTree = "<group>"; };
/* End PBXFileReference section */

/* Begin PBXFrameworksBuildPhase section */
		OBJ_63 /* Frameworks */ = {
			isa = PBXFrameworksBuildPhase;
			buildActionMask = 0;
			files = (
				94E26780246805BD00C54C0E /* libautomerge.a in Frameworks */,
			);
			runOnlyForDeploymentPostprocessing = 0;
		};
		OBJ_84 /* Frameworks */ = {
			isa = PBXFrameworksBuildPhase;
			buildActionMask = 0;
			files = (
				OBJ_85 /* Automerge.framework in Frameworks */,
			);
			runOnlyForDeploymentPostprocessing = 0;
		};
/* End PBXFrameworksBuildPhase section */

/* Begin PBXGroup section */
		94E267822468063A00C54C0E /* libs */ = {
			isa = PBXGroup;
			children = (
				94E2677F246805BD00C54C0E /* libautomerge.a */,
			);
			path = libs;
			sourceTree = "<group>";
		};
		94E267832468064B00C54C0E /* include */ = {
			isa = PBXGroup;
			children = (
				94E26781246805ED00C54C0E /* automerge.h */,
			);
			path = include;
			sourceTree = "<group>";
		};
		OBJ_11 /* DataTypes */ = {
			isa = PBXGroup;
			children = (
				OBJ_12 /* Clock.swift */,
				OBJ_13 /* Counter.swift */,
				OBJ_14 /* Table.swift */,
				OBJ_15 /* Text.swift */,
				9477033D246E73C4000E952C /* Actor.swift */,
				94F6D875248ABFC300FEAA43 /* Commit.swift */,
				94F6D877248ABFE900FEAA43 /* Change.swift */,
				94F6D879248AC0D100FEAA43 /* Primitive.swift */,
				9486913C248E8B60008D75A2 /* History.swift */,
			);
			path = DataTypes;
			sourceTree = "<group>";
		};
		OBJ_19 /* Helper */ = {
			isa = PBXGroup;
			children = (
				OBJ_20 /* ConflictsConverter.swift */,
				OBJ_21 /* EncoderDecoder.swift */,
				94B256902482B0E9008FC23D /* KeyPathIntrospection.swift */,
			);
			path = Helper;
			sourceTree = "<group>";
		};
		OBJ_25 /* Proxy */ = {
			isa = PBXGroup;
			children = (
				OBJ_27 /* Proxy.swift */,
				OBJ_26 /* Proxy+Collection.swift */,
				94AC589C247D3368006701E7 /* Proxy+Counter.swift */,
				9455D9E02487A8B40046A867 /* Proxy+Root.swift */,
				948BCB6F2488D0EE004A72B6 /* Proxy+Text.swift */,
				94869139248E625A008D75A2 /* Proxy+UnsafeAccess.swift */,
				94D9C117249524B200DE389F /* Proxy+Table.swift */,
				944DCC702498D3D3007706B7 /* Proxy+Conflicts.swift */,
			);
			path = Proxy;
			sourceTree = "<group>";
		};
		OBJ_30 /* Tests */ = {
			isa = PBXGroup;
			children = (
				OBJ_32 /* ContextTest.swift */,
				OBJ_33 /* Proxy+CollectionTest.swift */,
				OBJ_34 /* ProxyTest.swift */,
				94E267842468099800C54C0E /* RSBackendTest.swift */,
				94879A6B246FFFCA00F0189E /* DocumentTest.swift */,
				94339B4E247BA65800A461F1 /* AutomergeTest.swift */,
				94874A3B2486317000ECC4E7 /* XCTAssertEqualOneOf.swift */,
				948BCB642487C7E4004A72B6 /* TextTest.swift */,
				94D9C1142493A79D00DE389F /* TableTests.swift */,
			);
			path = Tests;
			sourceTree = SOURCE_ROOT;
		};
		OBJ_35 /* Products */ = {
			isa = PBXGroup;
			children = (
				"Automerge::AutomergeTests::Product" /* AutomergeTests.xctest */,
				"Automerge::Automerge::Product" /* Automerge.framework */,
			);
			name = Products;
			sourceTree = BUILT_PRODUCTS_DIR;
		};
		OBJ_5 = {
			isa = PBXGroup;
			children = (
				94E267822468063A00C54C0E /* libs */,
				OBJ_6 /* Package.swift */,
				OBJ_7 /* Sources */,
				OBJ_30 /* Tests */,
				OBJ_35 /* Products */,
				OBJ_38 /* README.md */,
			);
			sourceTree = "<group>";
		};
		OBJ_7 /* Sources */ = {
			isa = PBXGroup;
			children = (
				94E267832468064B00C54C0E /* include */,
				OBJ_8 /* RSBackend.swift */,
				OBJ_9 /* Constants.swift */,
				OBJ_10 /* Context.swift */,
				OBJ_11 /* DataTypes */,
				OBJ_16 /* Diff.swift */,
				OBJ_17 /* Document.swift */,
				OBJ_18 /* Edit.swift */,
				OBJ_19 /* Helper */,
				OBJ_22 /* Key.swift */,
				OBJ_23 /* Op.swift */,
				OBJ_24 /* Patch.swift */,
				OBJ_25 /* Proxy */,
				OBJ_28 /* Request.swift */,
				OBJ_29 /* applyPatch.swift */,
			);
			name = Sources;
			path = Source;
			sourceTree = SOURCE_ROOT;
		};
/* End PBXGroup section */

/* Begin PBXNativeTarget section */
		"Automerge::Automerge" /* Automerge */ = {
			isa = PBXNativeTarget;
			buildConfigurationList = OBJ_40 /* Build configuration list for PBXNativeTarget "Automerge" */;
			buildPhases = (
				OBJ_43 /* Sources */,
				OBJ_63 /* Frameworks */,
			);
			buildRules = (
			);
			dependencies = (
			);
			name = Automerge;
			productName = Automerge;
			productReference = "Automerge::Automerge::Product" /* Automerge.framework */;
			productType = "com.apple.product-type.framework";
		};
		"Automerge::AutomergeTests" /* AutomergeTests */ = {
			isa = PBXNativeTarget;
			buildConfigurationList = OBJ_76 /* Build configuration list for PBXNativeTarget "AutomergeTests" */;
			buildPhases = (
				OBJ_79 /* Sources */,
				OBJ_84 /* Frameworks */,
			);
			buildRules = (
			);
			dependencies = (
				OBJ_86 /* PBXTargetDependency */,
			);
			name = AutomergeTests;
			productName = AutomergeTests;
			productReference = "Automerge::AutomergeTests::Product" /* AutomergeTests.xctest */;
			productType = "com.apple.product-type.bundle.unit-test";
		};
		"Automerge::SwiftPMPackageDescription" /* AutomergePackageDescription */ = {
			isa = PBXNativeTarget;
			buildConfigurationList = OBJ_65 /* Build configuration list for PBXNativeTarget "AutomergePackageDescription" */;
			buildPhases = (
				OBJ_68 /* Sources */,
			);
			buildRules = (
			);
			dependencies = (
			);
			name = AutomergePackageDescription;
			productName = AutomergePackageDescription;
			productType = "com.apple.product-type.framework";
		};
/* End PBXNativeTarget section */

/* Begin PBXProject section */
		OBJ_1 /* Project object */ = {
			isa = PBXProject;
			attributes = {
				LastSwiftMigration = 9999;
				LastUpgradeCheck = 9999;
			};
			buildConfigurationList = OBJ_2 /* Build configuration list for PBXProject "Automerge" */;
			compatibilityVersion = "Xcode 3.2";
			developmentRegion = en;
			hasScannedForEncodings = 0;
			knownRegions = (
				en,
			);
			mainGroup = OBJ_5;
			productRefGroup = OBJ_35 /* Products */;
			projectDirPath = "";
			projectRoot = "";
			targets = (
				"Automerge::Automerge" /* Automerge */,
				"Automerge::SwiftPMPackageDescription" /* AutomergePackageDescription */,
				"Automerge::AutomergePackageTests::ProductTarget" /* AutomergePackageTests */,
				"Automerge::AutomergeTests" /* AutomergeTests */,
			);
		};
/* End PBXProject section */

/* Begin PBXSourcesBuildPhase section */
		OBJ_43 /* Sources */ = {
			isa = PBXSourcesBuildPhase;
			buildActionMask = 0;
			files = (
				9486913A248E625A008D75A2 /* Proxy+UnsafeAccess.swift in Sources */,
				OBJ_44 /* RSBackend.swift in Sources */,
				944DCC712498D3D3007706B7 /* Proxy+Conflicts.swift in Sources */,
				OBJ_45 /* Constants.swift in Sources */,
				OBJ_46 /* Context.swift in Sources */,
				OBJ_47 /* Clock.swift in Sources */,
				OBJ_48 /* Counter.swift in Sources */,
				94F6D876248ABFC300FEAA43 /* Commit.swift in Sources */,
				94D9C118249524B200DE389F /* Proxy+Table.swift in Sources */,
				OBJ_49 /* Table.swift in Sources */,
				9455D9E12487A8B40046A867 /* Proxy+Root.swift in Sources */,
				9477033E246E73C4000E952C /* Actor.swift in Sources */,
				OBJ_50 /* Text.swift in Sources */,
				OBJ_51 /* Diff.swift in Sources */,
				OBJ_52 /* Document.swift in Sources */,
				OBJ_53 /* Edit.swift in Sources */,
				OBJ_54 /* ConflictsConverter.swift in Sources */,
				OBJ_55 /* EncoderDecoder.swift in Sources */,
				OBJ_56 /* Key.swift in Sources */,
				OBJ_57 /* Op.swift in Sources */,
				94F6D878248ABFE900FEAA43 /* Change.swift in Sources */,
				OBJ_58 /* Patch.swift in Sources */,
				OBJ_59 /* Proxy+Collection.swift in Sources */,
				OBJ_60 /* Proxy.swift in Sources */,
				OBJ_61 /* Request.swift in Sources */,
				9486913D248E8B60008D75A2 /* History.swift in Sources */,
				94F6D87A248AC0D100FEAA43 /* Primitive.swift in Sources */,
				OBJ_62 /* applyPatch.swift in Sources */,
				948BCB702488D0EE004A72B6 /* Proxy+Text.swift in Sources */,
				94B256912482B0E9008FC23D /* KeyPathIntrospection.swift in Sources */,
				94AC589D247D3368006701E7 /* Proxy+Counter.swift in Sources */,
			);
			runOnlyForDeploymentPostprocessing = 0;
		};
		OBJ_68 /* Sources */ = {
			isa = PBXSourcesBuildPhase;
			buildActionMask = 0;
			files = (
				OBJ_69 /* Package.swift in Sources */,
			);
			runOnlyForDeploymentPostprocessing = 0;
		};
		OBJ_79 /* Sources */ = {
			isa = PBXSourcesBuildPhase;
			buildActionMask = 0;
			files = (
				94339B50247BA70A00A461F1 /* AutomergeTest.swift in Sources */,
				94E26786246809CC00C54C0E /* RSBackendTest.swift in Sources */,
				OBJ_81 /* ContextTest.swift in Sources */,
				94874A3C2486317000ECC4E7 /* XCTAssertEqualOneOf.swift in Sources */,
				OBJ_82 /* Proxy+CollectionTest.swift in Sources */,
				94D9C1162493A7A300DE389F /* TableTests.swift in Sources */,
				94879A6D2470017300F0189E /* DocumentTest.swift in Sources */,
				948BCB662487CA34004A72B6 /* TextTest.swift in Sources */,
				OBJ_83 /* ProxyTest.swift in Sources */,
			);
			runOnlyForDeploymentPostprocessing = 0;
		};
/* End PBXSourcesBuildPhase section */

/* Begin PBXTargetDependency section */
		OBJ_74 /* PBXTargetDependency */ = {
			isa = PBXTargetDependency;
			target = "Automerge::AutomergeTests" /* AutomergeTests */;
			targetProxy = 94E2677C2467559E00C54C0E /* PBXContainerItemProxy */;
		};
		OBJ_86 /* PBXTargetDependency */ = {
			isa = PBXTargetDependency;
			target = "Automerge::Automerge" /* Automerge */;
			targetProxy = 94E2677B2467559C00C54C0E /* PBXContainerItemProxy */;
		};
/* End PBXTargetDependency section */

/* Begin XCBuildConfiguration section */
		OBJ_3 /* Debug */ = {
			isa = XCBuildConfiguration;
			buildSettings = {
				BUILD_LIBRARY_FOR_DISTRIBUTION = NO;
				CLANG_ENABLE_OBJC_ARC = YES;
				COMBINE_HIDPI_IMAGES = YES;
				COPY_PHASE_STRIP = NO;
				DEBUG_INFORMATION_FORMAT = dwarf;
				DYLIB_INSTALL_NAME_BASE = "@rpath";
				ENABLE_NS_ASSERTIONS = YES;
				GCC_OPTIMIZATION_LEVEL = 0;
				GCC_PREPROCESSOR_DEFINITIONS = (
					"$(inherited)",
					"SWIFT_PACKAGE=1",
					"DEBUG=1",
				);
				MACOSX_DEPLOYMENT_TARGET = 10.10;
				ONLY_ACTIVE_ARCH = YES;
				OTHER_SWIFT_FLAGS = "$(inherited) -DXcode";
				PRODUCT_NAME = "$(TARGET_NAME)";
				SDKROOT = macosx;
				SUPPORTED_PLATFORMS = "macosx iphoneos iphonesimulator appletvos appletvsimulator watchos watchsimulator";
				SWIFT_ACTIVE_COMPILATION_CONDITIONS = "$(inherited) SWIFT_PACKAGE DEBUG";
				SWIFT_OPTIMIZATION_LEVEL = "-Onone";
				USE_HEADERMAP = NO;
			};
			name = Debug;
		};
		OBJ_4 /* Release */ = {
			isa = XCBuildConfiguration;
			buildSettings = {
				BUILD_LIBRARY_FOR_DISTRIBUTION = NO;
				CLANG_ENABLE_OBJC_ARC = YES;
				COMBINE_HIDPI_IMAGES = YES;
				COPY_PHASE_STRIP = YES;
				DEBUG_INFORMATION_FORMAT = "dwarf-with-dsym";
				DYLIB_INSTALL_NAME_BASE = "@rpath";
				GCC_OPTIMIZATION_LEVEL = s;
				GCC_PREPROCESSOR_DEFINITIONS = (
					"$(inherited)",
					"SWIFT_PACKAGE=1",
				);
				MACOSX_DEPLOYMENT_TARGET = 10.10;
				OTHER_SWIFT_FLAGS = "$(inherited) -DXcode";
				PRODUCT_NAME = "$(TARGET_NAME)";
				SDKROOT = macosx;
				SUPPORTED_PLATFORMS = "macosx iphoneos iphonesimulator appletvos appletvsimulator watchos watchsimulator";
				SWIFT_ACTIVE_COMPILATION_CONDITIONS = "$(inherited) SWIFT_PACKAGE";
				SWIFT_OPTIMIZATION_LEVEL = "-Owholemodule";
				USE_HEADERMAP = NO;
			};
			name = Release;
		};
		OBJ_41 /* Debug */ = {
			isa = XCBuildConfiguration;
			buildSettings = {
				ENABLE_TESTABILITY = YES;
				FRAMEWORK_SEARCH_PATHS = (
					"$(inherited)",
					"$(PLATFORM_DIR)/Developer/Library/Frameworks",
				);
				HEADER_SEARCH_PATHS = (
					"$(inherited)",
					"$(SRCROOT)/Source/include",
				);
				INFOPLIST_FILE = Automerge.xcodeproj/Automerge_Info.plist;
				IPHONEOS_DEPLOYMENT_TARGET = 9.0;
				LD_RUNPATH_SEARCH_PATHS = "$(inherited) $(TOOLCHAIN_DIR)/usr/lib/swift/macosx";
				LIBRARY_SEARCH_PATHS = (
					"$(inherited)",
					"$(PROJECT_DIR)",
					"$(SRCROOT)/libs",
				);
				MACOSX_DEPLOYMENT_TARGET = 10.10;
				OTHER_CFLAGS = "$(inherited)";
				OTHER_LDFLAGS = "$(inherited)";
				OTHER_SWIFT_FLAGS = "$(inherited)";
				PRODUCT_BUNDLE_IDENTIFIER = Automerge;
				PRODUCT_MODULE_NAME = "$(TARGET_NAME:c99extidentifier)";
				PRODUCT_NAME = "$(TARGET_NAME:c99extidentifier)";
				SKIP_INSTALL = YES;
				SWIFT_ACTIVE_COMPILATION_CONDITIONS = "$(inherited)";
				SWIFT_OBJC_BRIDGING_HEADER = "$(SRCROOT)/Source/include/automerge.h";
				SWIFT_VERSION = 5.0;
				TARGET_NAME = Automerge;
				TVOS_DEPLOYMENT_TARGET = 9.0;
				WATCHOS_DEPLOYMENT_TARGET = 2.0;
			};
			name = Debug;
		};
		OBJ_42 /* Release */ = {
			isa = XCBuildConfiguration;
			buildSettings = {
				ENABLE_TESTABILITY = YES;
				FRAMEWORK_SEARCH_PATHS = (
					"$(inherited)",
					"$(PLATFORM_DIR)/Developer/Library/Frameworks",
				);
				HEADER_SEARCH_PATHS = (
					"$(inherited)",
					"$(SRCROOT)/Source/include",
				);
				INFOPLIST_FILE = Automerge.xcodeproj/Automerge_Info.plist;
				IPHONEOS_DEPLOYMENT_TARGET = 9.0;
				LD_RUNPATH_SEARCH_PATHS = "$(inherited) $(TOOLCHAIN_DIR)/usr/lib/swift/macosx";
				LIBRARY_SEARCH_PATHS = (
					"$(inherited)",
					"$(PROJECT_DIR)",
					"$(SRCROOT)/libs",
				);
				MACOSX_DEPLOYMENT_TARGET = 10.10;
				OTHER_CFLAGS = "$(inherited)";
				OTHER_LDFLAGS = "$(inherited)";
				OTHER_SWIFT_FLAGS = "$(inherited)";
				PRODUCT_BUNDLE_IDENTIFIER = Automerge;
				PRODUCT_MODULE_NAME = "$(TARGET_NAME:c99extidentifier)";
				PRODUCT_NAME = "$(TARGET_NAME:c99extidentifier)";
				SKIP_INSTALL = YES;
				SWIFT_ACTIVE_COMPILATION_CONDITIONS = "$(inherited)";
				SWIFT_OBJC_BRIDGING_HEADER = "$(SRCROOT)/Source/include/automerge.h";
				SWIFT_VERSION = 5.0;
				TARGET_NAME = Automerge;
				TVOS_DEPLOYMENT_TARGET = 9.0;
				WATCHOS_DEPLOYMENT_TARGET = 2.0;
			};
			name = Release;
		};
		OBJ_66 /* Debug */ = {
			isa = XCBuildConfiguration;
			buildSettings = {
				LD = /usr/bin/true;
				OTHER_SWIFT_FLAGS = "-swift-version 5 -I $(TOOLCHAIN_DIR)/usr/lib/swift/pm/4_2 -target x86_64-apple-macosx10.10 -sdk /Applications/Xcode.app/Contents/Developer/Platforms/MacOSX.platform/Developer/SDKs/MacOSX10.15.sdk -package-description-version 5.0.0";
				SWIFT_VERSION = 5.0;
			};
			name = Debug;
		};
		OBJ_67 /* Release */ = {
			isa = XCBuildConfiguration;
			buildSettings = {
				LD = /usr/bin/true;
				OTHER_SWIFT_FLAGS = "-swift-version 5 -I $(TOOLCHAIN_DIR)/usr/lib/swift/pm/4_2 -target x86_64-apple-macosx10.10 -sdk /Applications/Xcode.app/Contents/Developer/Platforms/MacOSX.platform/Developer/SDKs/MacOSX10.15.sdk -package-description-version 5.0.0";
				SWIFT_VERSION = 5.0;
			};
			name = Release;
		};
		OBJ_72 /* Debug */ = {
			isa = XCBuildConfiguration;
			buildSettings = {
			};
			name = Debug;
		};
		OBJ_73 /* Release */ = {
			isa = XCBuildConfiguration;
			buildSettings = {
			};
			name = Release;
		};
		OBJ_77 /* Debug */ = {
			isa = XCBuildConfiguration;
			buildSettings = {
				CLANG_ENABLE_MODULES = YES;
				EMBEDDED_CONTENT_CONTAINS_SWIFT = YES;
				FRAMEWORK_SEARCH_PATHS = (
					"$(inherited)",
					"$(PLATFORM_DIR)/Developer/Library/Frameworks",
				);
				HEADER_SEARCH_PATHS = "$(inherited)";
				INFOPLIST_FILE = Automerge.xcodeproj/AutomergeTests_Info.plist;
				IPHONEOS_DEPLOYMENT_TARGET = 9.0;
				LD_RUNPATH_SEARCH_PATHS = "$(inherited) @loader_path/../Frameworks @loader_path/Frameworks";
				MACOSX_DEPLOYMENT_TARGET = 10.10;
				OTHER_CFLAGS = "$(inherited)";
				OTHER_LDFLAGS = "$(inherited)";
				OTHER_SWIFT_FLAGS = "$(inherited)";
				SWIFT_ACTIVE_COMPILATION_CONDITIONS = "$(inherited)";
				SWIFT_VERSION = 5.0;
				TARGET_NAME = AutomergeTests;
				TVOS_DEPLOYMENT_TARGET = 9.0;
				WATCHOS_DEPLOYMENT_TARGET = 2.0;
			};
			name = Debug;
		};
		OBJ_78 /* Release */ = {
			isa = XCBuildConfiguration;
			buildSettings = {
				CLANG_ENABLE_MODULES = YES;
				EMBEDDED_CONTENT_CONTAINS_SWIFT = YES;
				FRAMEWORK_SEARCH_PATHS = (
					"$(inherited)",
					"$(PLATFORM_DIR)/Developer/Library/Frameworks",
				);
				HEADER_SEARCH_PATHS = "$(inherited)";
				INFOPLIST_FILE = Automerge.xcodeproj/AutomergeTests_Info.plist;
				IPHONEOS_DEPLOYMENT_TARGET = 9.0;
				LD_RUNPATH_SEARCH_PATHS = "$(inherited) @loader_path/../Frameworks @loader_path/Frameworks";
				MACOSX_DEPLOYMENT_TARGET = 10.10;
				OTHER_CFLAGS = "$(inherited)";
				OTHER_LDFLAGS = "$(inherited)";
				OTHER_SWIFT_FLAGS = "$(inherited)";
				SWIFT_ACTIVE_COMPILATION_CONDITIONS = "$(inherited)";
				SWIFT_VERSION = 5.0;
				TARGET_NAME = AutomergeTests;
				TVOS_DEPLOYMENT_TARGET = 9.0;
				WATCHOS_DEPLOYMENT_TARGET = 2.0;
			};
			name = Release;
		};
/* End XCBuildConfiguration section */

/* Begin XCConfigurationList section */
		OBJ_2 /* Build configuration list for PBXProject "Automerge" */ = {
			isa = XCConfigurationList;
			buildConfigurations = (
				OBJ_3 /* Debug */,
				OBJ_4 /* Release */,
			);
			defaultConfigurationIsVisible = 0;
			defaultConfigurationName = Release;
		};
		OBJ_40 /* Build configuration list for PBXNativeTarget "Automerge" */ = {
			isa = XCConfigurationList;
			buildConfigurations = (
				OBJ_41 /* Debug */,
				OBJ_42 /* Release */,
			);
			defaultConfigurationIsVisible = 0;
			defaultConfigurationName = Release;
		};
		OBJ_65 /* Build configuration list for PBXNativeTarget "AutomergePackageDescription" */ = {
			isa = XCConfigurationList;
			buildConfigurations = (
				OBJ_66 /* Debug */,
				OBJ_67 /* Release */,
			);
			defaultConfigurationIsVisible = 0;
			defaultConfigurationName = Release;
		};
		OBJ_71 /* Build configuration list for PBXAggregateTarget "AutomergePackageTests" */ = {
			isa = XCConfigurationList;
			buildConfigurations = (
				OBJ_72 /* Debug */,
				OBJ_73 /* Release */,
			);
			defaultConfigurationIsVisible = 0;
			defaultConfigurationName = Release;
		};
		OBJ_76 /* Build configuration list for PBXNativeTarget "AutomergeTests" */ = {
			isa = XCConfigurationList;
			buildConfigurations = (
				OBJ_77 /* Debug */,
				OBJ_78 /* Release */,
			);
			defaultConfigurationIsVisible = 0;
			defaultConfigurationName = Release;
		};
/* End XCConfigurationList section */
	};
	rootObject = OBJ_1 /* Project object */;
}
